
Microsoft Visual Studio Solution File, Format Version 12.00
# Visual Studio Version 17
VisualStudioVersion = 17.0.32014.148
MinimumVisualStudioVersion = 10.0.40219.1
Project("{F184B08F-C81C-45F6-A57F-5ABD9991F28F}") = "WinFormsApp1", "WinFormsApp1\WinFormsApp1.vbproj", "{EA1FB8F5-94BA-4F9D-8D81-003441D3D9F8}"
EndProject
Global
	GlobalSection(SolutionConfigurationPlatforms) = preSolution
		Debug|Any CPU = Debug|Any CPU
		Release|Any CPU = Release|Any CPU
	EndGlobalSection
	GlobalSection(ProjectConfigurationPlatforms) = postSolution
		{EA1FB8F5-94BA-4F9D-8D81-003441D3D9F8}.Debug|Any CPU.ActiveCfg = Debug|Any CPU
		{EA1FB8F5-94BA-4F9D-8D81-003441D3D9F8}.Debug|Any CPU.Build.0 = Debug|Any CPU
		{EA1FB8F5-94BA-4F9D-8D81-003441D3D9F8}.Release|Any CPU.ActiveCfg = Release|Any CPU
		{EA1FB8F5-94BA-4F9D-8D81-003441D3D9F8}.Release|Any CPU.Build.0 = Release|Any CPU
	EndGlobalSection
	GlobalSection(SolutionProperties) = preSolution
		HideSolutionNode = FALSE
	EndGlobalSection
	GlobalSection(ExtensibilityGlobals) = postSolution
		SolutionGuid = {F8E8BF6B-6F99-437D-9254-EBF1F4203FC6}
	EndGlobalSection
EndGlobal
